
Microsoft Visual Studio Solution File, Format Version 12.00
# Visual Studio Version 17
VisualStudioVersion = 17.11.35222.181
MinimumVisualStudioVersion = 10.0.40219.1
Project("{FAE04EC0-301F-11D3-BF4B-00C04F79EFBC}") = "Locacao", "Locacao.csproj", "{DDA1D77D-B2D4-4152-B21A-0C42FE5679B0}"
EndProject
Global
	GlobalSection(SolutionConfigurationPlatforms) = preSolution
		Debug|Any CPU = Debug|Any CPU
		Release|Any CPU = Release|Any CPU
	EndGlobalSection
	GlobalSection(ProjectConfigurationPlatforms) = postSolution
		{DDA1D77D-B2D4-4152-B21A-0C42FE5679B0}.Debug|Any CPU.ActiveCfg = Debug|Any CPU
		{DDA1D77D-B2D4-4152-B21A-0C42FE5679B0}.Debug|Any CPU.Build.0 = Debug|Any CPU
		{DDA1D77D-B2D4-4152-B21A-0C42FE5679B0}.Release|Any CPU.ActiveCfg = Release|Any CPU
		{DDA1D77D-B2D4-4152-B21A-0C42FE5679B0}.Release|Any CPU.Build.0 = Release|Any CPU
	EndGlobalSection
	GlobalSection(SolutionProperties) = preSolution
		HideSolutionNode = FALSE
	EndGlobalSection
	GlobalSection(ExtensibilityGlobals) = postSolution
		SolutionGuid = {459B1819-147F-4BA8-8AF5-D052AA87195C}
	EndGlobalSection
EndGlobal
